// !$*UTF8*$!
{
	archiveVersion = 1;
	classes = {
	};
	objectVersion = 46;
	objects = {

/* Begin PBXBuildFile section */
		4A257E7D52FB91870B063C46 /* Pods_SquadGoals.framework in Frameworks */ = {isa = PBXBuildFile; fileRef = 8E96071D5D5C41D9C864D6E4 /* Pods_SquadGoals.framework */; };
		EF07F6F41EE5B9120040C390 /* HomeViewController.swift in Sources */ = {isa = PBXBuildFile; fileRef = EF07F6F31EE5B9120040C390 /* HomeViewController.swift */; };
		EF2642031EE4E1D500E1492E /* icon.png in Resources */ = {isa = PBXBuildFile; fileRef = EF2642021EE4E1D500E1492E /* icon.png */; };
		EF2642051EE4E87600E1492E /* CoreLocation.framework in Frameworks */ = {isa = PBXBuildFile; fileRef = EF2642041EE4E87600E1492E /* CoreLocation.framework */; };
		EFB73F8C1EDF323C0090CF52 /* AppDelegate.swift in Sources */ = {isa = PBXBuildFile; fileRef = EFB73F8B1EDF323C0090CF52 /* AppDelegate.swift */; };
		EFB73F8E1EDF323C0090CF52 /* ViewController.swift in Sources */ = {isa = PBXBuildFile; fileRef = EFB73F8D1EDF323C0090CF52 /* ViewController.swift */; };
		EFB73F911EDF323C0090CF52 /* Main.storyboard in Resources */ = {isa = PBXBuildFile; fileRef = EFB73F8F1EDF323C0090CF52 /* Main.storyboard */; };
		EFB73F941EDF323C0090CF52 /* SquadGoals.xcdatamodeld in Sources */ = {isa = PBXBuildFile; fileRef = EFB73F921EDF323C0090CF52 /* SquadGoals.xcdatamodeld */; };
		EFB73F961EDF323C0090CF52 /* Assets.xcassets in Resources */ = {isa = PBXBuildFile; fileRef = EFB73F951EDF323C0090CF52 /* Assets.xcassets */; };
		EFB73F991EDF323C0090CF52 /* LaunchScreen.storyboard in Resources */ = {isa = PBXBuildFile; fileRef = EFB73F971EDF323C0090CF52 /* LaunchScreen.storyboard */; };
		EFB73FA11EDF352F0090CF52 /* squadgoalslogo.png in Resources */ = {isa = PBXBuildFile; fileRef = EFB73FA01EDF352F0090CF52 /* squadgoalslogo.png */; };
		EFB73FAB1EDF3D710090CF52 /* mysquadbutton3.png in Resources */ = {isa = PBXBuildFile; fileRef = EFB73FAA1EDF3D710090CF52 /* mysquadbutton3.png */; };
		EFB73FAD1EDF3E040090CF52 /* mysquadbutton4.png in Resources */ = {isa = PBXBuildFile; fileRef = EFB73FAC1EDF3E040090CF52 /* mysquadbutton4.png */; };
		EFB73FAF1EDF74CF0090CF52 /* squadlistbutton2.png in Resources */ = {isa = PBXBuildFile; fileRef = EFB73FAE1EDF74CF0090CF52 /* squadlistbutton2.png */; };
		EFB73FB11EDF75F90090CF52 /* runsquadbutton.png in Resources */ = {isa = PBXBuildFile; fileRef = EFB73FB01EDF75F90090CF52 /* runsquadbutton.png */; };
		EFB73FD41EE1E07D0090CF52 /* GoogleService-Info.plist in Resources */ = {isa = PBXBuildFile; fileRef = EFB73FD31EE1E07D0090CF52 /* GoogleService-Info.plist */; };
		EFB73FDA1EE209930090CF52 /* squadgoallogo.png in Resources */ = {isa = PBXBuildFile; fileRef = EFB73FD91EE209930090CF52 /* squadgoallogo.png */; };
		EFB73FDC1EE20B820090CF52 /* AddTaskViewController.swift in Sources */ = {isa = PBXBuildFile; fileRef = EFB73FDB1EE20B820090CF52 /* AddTaskViewController.swift */; };
		EFB73FDE1EE20D3D0090CF52 /* TaskListViewController.swift in Sources */ = {isa = PBXBuildFile; fileRef = EFB73FDD1EE20D3D0090CF52 /* TaskListViewController.swift */; };
		EFB73FE01EE31EAD0090CF52 /* PictureViewController.swift in Sources */ = {isa = PBXBuildFile; fileRef = EFB73FDF1EE31EAD0090CF52 /* PictureViewController.swift */; };
		EFB73FE61EE336330090CF52 /* user.swift in Sources */ = {isa = PBXBuildFile; fileRef = EFB73FE51EE336330090CF52 /* user.swift */; };
		EFB73FEA1EE4D0250090CF52 /* MapKit.framework in Frameworks */ = {isa = PBXBuildFile; fileRef = EFB73FE91EE4D0250090CF52 /* MapKit.framework */; };
		EFF2E73F1EE5C84900ACB787 /* MapViewController.swift in Resources */ = {isa = PBXBuildFile; fileRef = EFFA9F051EE5B75500B65DA8 /* MapViewController.swift */; };
		EFF2E7471EE5FFB200ACB787 /* TaskInputViewController.swift in Sources */ = {isa = PBXBuildFile; fileRef = EFF2E7461EE5FFB200ACB787 /* TaskInputViewController.swift */; };
		EFF2E74B1EE634A200ACB787 /* toDos.swift in Sources */ = {isa = PBXBuildFile; fileRef = EFF2E74A1EE634A200ACB787 /* toDos.swift */; };
		EFF2E7511EE6502700ACB787 /* PickerViewController.swift in Sources */ = {isa = PBXBuildFile; fileRef = EFF2E7501EE6502700ACB787 /* PickerViewController.swift */; };
		EFFA9F061EE5B75500B65DA8 /* MapViewController.swift in Sources */ = {isa = PBXBuildFile; fileRef = EFFA9F051EE5B75500B65DA8 /* MapViewController.swift */; };
/* End PBXBuildFile section */

/* Begin PBXFileReference section */
		075CA1594DED00B812D832EA /* Pods-SquadGoals.release.xcconfig */ = {isa = PBXFileReference; includeInIndex = 1; lastKnownFileType = text.xcconfig; name = "Pods-SquadGoals.release.xcconfig"; path = "Pods/Target Support Files/Pods-SquadGoals/Pods-SquadGoals.release.xcconfig"; sourceTree = "<group>"; };
		697E45BBB7E018831BBD5EDF /* Pods-SquadGoals.debug.xcconfig */ = {isa = PBXFileReference; includeInIndex = 1; lastKnownFileType = text.xcconfig; name = "Pods-SquadGoals.debug.xcconfig"; path = "Pods/Target Support Files/Pods-SquadGoals/Pods-SquadGoals.debug.xcconfig"; sourceTree = "<group>"; };
		8E96071D5D5C41D9C864D6E4 /* Pods_SquadGoals.framework */ = {isa = PBXFileReference; explicitFileType = wrapper.framework; includeInIndex = 0; path = Pods_SquadGoals.framework; sourceTree = BUILT_PRODUCTS_DIR; };
		EF07F6F31EE5B9120040C390 /* HomeViewController.swift */ = {isa = PBXFileReference; fileEncoding = 4; lastKnownFileType = sourcecode.swift; path = HomeViewController.swift; sourceTree = "<group>"; };
		EF2642021EE4E1D500E1492E /* icon.png */ = {isa = PBXFileReference; lastKnownFileType = image.png; name = icon.png; path = ../../icon.png; sourceTree = "<group>"; };
		EF2642041EE4E87600E1492E /* CoreLocation.framework */ = {isa = PBXFileReference; lastKnownFileType = wrapper.framework; name = CoreLocation.framework; path = System/Library/Frameworks/CoreLocation.framework; sourceTree = SDKROOT; };
		EFB73F881EDF323C0090CF52 /* SquadGoals.app */ = {isa = PBXFileReference; explicitFileType = wrapper.application; includeInIndex = 0; path = SquadGoals.app; sourceTree = BUILT_PRODUCTS_DIR; };
		EFB73F8B1EDF323C0090CF52 /* AppDelegate.swift */ = {isa = PBXFileReference; lastKnownFileType = sourcecode.swift; path = AppDelegate.swift; sourceTree = "<group>"; };
		EFB73F8D1EDF323C0090CF52 /* ViewController.swift */ = {isa = PBXFileReference; lastKnownFileType = sourcecode.swift; path = ViewController.swift; sourceTree = "<group>"; };
		EFB73F901EDF323C0090CF52 /* Base */ = {isa = PBXFileReference; lastKnownFileType = file.storyboard; name = Base; path = Base.lproj/Main.storyboard; sourceTree = "<group>"; };
		EFB73F931EDF323C0090CF52 /* SquadGoals.xcdatamodel */ = {isa = PBXFileReference; lastKnownFileType = wrapper.xcdatamodel; path = SquadGoals.xcdatamodel; sourceTree = "<group>"; };
		EFB73F951EDF323C0090CF52 /* Assets.xcassets */ = {isa = PBXFileReference; lastKnownFileType = folder.assetcatalog; path = Assets.xcassets; sourceTree = "<group>"; };
		EFB73F981EDF323C0090CF52 /* Base */ = {isa = PBXFileReference; lastKnownFileType = file.storyboard; name = Base; path = Base.lproj/LaunchScreen.storyboard; sourceTree = "<group>"; };
		EFB73F9A1EDF323C0090CF52 /* Info.plist */ = {isa = PBXFileReference; lastKnownFileType = text.plist.xml; path = Info.plist; sourceTree = "<group>"; };
		EFB73FA01EDF352F0090CF52 /* squadgoalslogo.png */ = {isa = PBXFileReference; lastKnownFileType = image.png; path = squadgoalslogo.png; sourceTree = "<group>"; };
		EFB73FAA1EDF3D710090CF52 /* mysquadbutton3.png */ = {isa = PBXFileReference; lastKnownFileType = image.png; path = mysquadbutton3.png; sourceTree = "<group>"; };
		EFB73FAC1EDF3E040090CF52 /* mysquadbutton4.png */ = {isa = PBXFileReference; lastKnownFileType = image.png; path = mysquadbutton4.png; sourceTree = "<group>"; };
		EFB73FAE1EDF74CF0090CF52 /* squadlistbutton2.png */ = {isa = PBXFileReference; lastKnownFileType = image.png; path = squadlistbutton2.png; sourceTree = "<group>"; };
		EFB73FB01EDF75F90090CF52 /* runsquadbutton.png */ = {isa = PBXFileReference; lastKnownFileType = image.png; path = runsquadbutton.png; sourceTree = "<group>"; };
		EFB73FD31EE1E07D0090CF52 /* GoogleService-Info.plist */ = {isa = PBXFileReference; fileEncoding = 4; lastKnownFileType = text.plist.xml; path = "GoogleService-Info.plist"; sourceTree = "<group>"; };
		EFB73FD91EE209930090CF52 /* squadgoallogo.png */ = {isa = PBXFileReference; lastKnownFileType = image.png; path = squadgoallogo.png; sourceTree = "<group>"; };
		EFB73FDB1EE20B820090CF52 /* AddTaskViewController.swift */ = {isa = PBXFileReference; fileEncoding = 4; lastKnownFileType = sourcecode.swift; path = AddTaskViewController.swift; sourceTree = "<group>"; };
		EFB73FDD1EE20D3D0090CF52 /* TaskListViewController.swift */ = {isa = PBXFileReference; fileEncoding = 4; lastKnownFileType = sourcecode.swift; path = TaskListViewController.swift; sourceTree = "<group>"; };
		EFB73FDF1EE31EAD0090CF52 /* PictureViewController.swift */ = {isa = PBXFileReference; fileEncoding = 4; lastKnownFileType = sourcecode.swift; path = PictureViewController.swift; sourceTree = "<group>"; };
		EFB73FE51EE336330090CF52 /* user.swift */ = {isa = PBXFileReference; fileEncoding = 4; lastKnownFileType = sourcecode.swift; path = user.swift; sourceTree = "<group>"; };
		EFB73FE91EE4D0250090CF52 /* MapKit.framework */ = {isa = PBXFileReference; lastKnownFileType = wrapper.framework; name = MapKit.framework; path = System/Library/Frameworks/MapKit.framework; sourceTree = SDKROOT; };
		EFF2E7461EE5FFB200ACB787 /* TaskInputViewController.swift */ = {isa = PBXFileReference; fileEncoding = 4; lastKnownFileType = sourcecode.swift; path = TaskInputViewController.swift; sourceTree = "<group>"; };
		EFF2E74A1EE634A200ACB787 /* toDos.swift */ = {isa = PBXFileReference; fileEncoding = 4; lastKnownFileType = sourcecode.swift; path = toDos.swift; sourceTree = "<group>"; };
		EFF2E7501EE6502700ACB787 /* PickerViewController.swift */ = {isa = PBXFileReference; fileEncoding = 4; lastKnownFileType = sourcecode.swift; name = PickerViewController.swift; path = ../PickerViewController.swift; sourceTree = "<group>"; };
		EFFA9F051EE5B75500B65DA8 /* MapViewController.swift */ = {isa = PBXFileReference; fileEncoding = 4; lastKnownFileType = sourcecode.swift; path = MapViewController.swift; sourceTree = "<group>"; };
		FD7D20013880FE66733BFF7A /* Pods_SquadGoals.framework */ = {isa = PBXFileReference; explicitFileType = wrapper.framework; includeInIndex = 0; path = Pods_SquadGoals.framework; sourceTree = BUILT_PRODUCTS_DIR; };
/* End PBXFileReference section */

/* Begin PBXFrameworksBuildPhase section */
		EFB73F851EDF323B0090CF52 /* Frameworks */ = {
			isa = PBXFrameworksBuildPhase;
			buildActionMask = 2147483647;
			files = (
				EF2642051EE4E87600E1492E /* CoreLocation.framework in Frameworks */,
				EFB73FEA1EE4D0250090CF52 /* MapKit.framework in Frameworks */,
				4A257E7D52FB91870B063C46 /* Pods_SquadGoals.framework in Frameworks */,
			);
			runOnlyForDeploymentPostprocessing = 0;
		};
/* End PBXFrameworksBuildPhase section */

/* Begin PBXGroup section */
		4450104E0FF66243487BF4B6 /* Frameworks */ = {
			isa = PBXGroup;
			children = (
				EF2642041EE4E87600E1492E /* CoreLocation.framework */,
				EFB73FE91EE4D0250090CF52 /* MapKit.framework */,
				8E96071D5D5C41D9C864D6E4 /* Pods_SquadGoals.framework */,
			);
			name = Frameworks;
			sourceTree = "<group>";
		};
		7243FA67D0B2129A7FEF9673 /* Pods */ = {
			isa = PBXGroup;
			children = (
				FD7D20013880FE66733BFF7A /* Pods_SquadGoals.framework */,
				697E45BBB7E018831BBD5EDF /* Pods-SquadGoals.debug.xcconfig */,
				075CA1594DED00B812D832EA /* Pods-SquadGoals.release.xcconfig */,
			);
			name = Pods;
			sourceTree = "<group>";
		};
		EFB73F7F1EDF323B0090CF52 = {
			isa = PBXGroup;
			children = (
				EFB73F8A1EDF323C0090CF52 /* SquadGoals */,
				EFB73F891EDF323C0090CF52 /* Products */,
				7243FA67D0B2129A7FEF9673 /* Pods */,
				4450104E0FF66243487BF4B6 /* Frameworks */,
			);
			sourceTree = "<group>";
		};
		EFB73F891EDF323C0090CF52 /* Products */ = {
			isa = PBXGroup;
			children = (
				EFB73F881EDF323C0090CF52 /* SquadGoals.app */,
			);
			name = Products;
			sourceTree = "<group>";
		};
		EFB73F8A1EDF323C0090CF52 /* SquadGoals */ = {
			isa = PBXGroup;
			children = (
				EFB73FE81EE336B20090CF52 /* Models */,
				EFB73FE71EE336740090CF52 /* ViewControllers */,
				EFB73F8F1EDF323C0090CF52 /* Main.storyboard */,
				EFB73FD91EE209930090CF52 /* squadgoallogo.png */,
				EFB73FD31EE1E07D0090CF52 /* GoogleService-Info.plist */,
				EFB73FB01EDF75F90090CF52 /* runsquadbutton.png */,
				EFB73FAE1EDF74CF0090CF52 /* squadlistbutton2.png */,
				EFB73FAC1EDF3E040090CF52 /* mysquadbutton4.png */,
				EFB73FAA1EDF3D710090CF52 /* mysquadbutton3.png */,
				EFB73FA01EDF352F0090CF52 /* squadgoalslogo.png */,
				EFB73F8B1EDF323C0090CF52 /* AppDelegate.swift */,
				EFB73F951EDF323C0090CF52 /* Assets.xcassets */,
				EF2642021EE4E1D500E1492E /* icon.png */,
				EFB73F971EDF323C0090CF52 /* LaunchScreen.storyboard */,
				EFB73F9A1EDF323C0090CF52 /* Info.plist */,
				EFB73F921EDF323C0090CF52 /* SquadGoals.xcdatamodeld */,
			);
			path = SquadGoals;
			sourceTree = "<group>";
		};
		EFB73FE71EE336740090CF52 /* ViewControllers */ = {
			isa = PBXGroup;
			children = (
				EFF2E7501EE6502700ACB787 /* PickerViewController.swift */,
				EF07F6F31EE5B9120040C390 /* HomeViewController.swift */,
				EFFA9F051EE5B75500B65DA8 /* MapViewController.swift */,
				EFB73FDD1EE20D3D0090CF52 /* TaskListViewController.swift */,
				EFB73F8D1EDF323C0090CF52 /* ViewController.swift */,
				EFB73FDF1EE31EAD0090CF52 /* PictureViewController.swift */,
				EFB73FDB1EE20B820090CF52 /* AddTaskViewController.swift */,
				EFF2E7461EE5FFB200ACB787 /* TaskInputViewController.swift */,
			);
			name = ViewControllers;
			sourceTree = "<group>";
		};
		EFB73FE81EE336B20090CF52 /* Models */ = {
			isa = PBXGroup;
			children = (
				EFF2E74A1EE634A200ACB787 /* toDos.swift */,
				EFB73FE51EE336330090CF52 /* user.swift */,
			);
			name = Models;
			sourceTree = "<group>";
		};
/* End PBXGroup section */

/* Begin PBXNativeTarget section */
		EFB73F871EDF323B0090CF52 /* SquadGoals */ = {
			isa = PBXNativeTarget;
			buildConfigurationList = EFB73F9D1EDF323C0090CF52 /* Build configuration list for PBXNativeTarget "SquadGoals" */;
			buildPhases = (
				1CD8881BA8E0EDC8D2EF1A84 /* [CP] Check Pods Manifest.lock */,
				EFB73F841EDF323B0090CF52 /* Sources */,
				EFB73F851EDF323B0090CF52 /* Frameworks */,
				EFB73F861EDF323B0090CF52 /* Resources */,
				6FAA782B109670F71CD18571 /* [CP] Embed Pods Frameworks */,
				A16B0E830E24DBF1B688F1BE /* [CP] Copy Pods Resources */,
			);
			buildRules = (
			);
			dependencies = (
			);
			name = SquadGoals;
			productName = SquadGoals;
			productReference = EFB73F881EDF323C0090CF52 /* SquadGoals.app */;
			productType = "com.apple.product-type.application";
		};
/* End PBXNativeTarget section */

/* Begin PBXProject section */
		EFB73F801EDF323B0090CF52 /* Project object */ = {
			isa = PBXProject;
			attributes = {
				LastSwiftUpdateCheck = 0830;
				LastUpgradeCheck = 0830;
				ORGANIZATIONNAME = SquadGoals;
				TargetAttributes = {
					EFB73F871EDF323B0090CF52 = {
						CreatedOnToolsVersion = 8.3.2;
						DevelopmentTeam = GFBPFBC6X9;
						ProvisioningStyle = Automatic;
					};
				};
			};
			buildConfigurationList = EFB73F831EDF323B0090CF52 /* Build configuration list for PBXProject "SquadGoals" */;
			compatibilityVersion = "Xcode 3.2";
			developmentRegion = English;
			hasScannedForEncodings = 0;
			knownRegions = (
				en,
				Base,
			);
			mainGroup = EFB73F7F1EDF323B0090CF52;
			productRefGroup = EFB73F891EDF323C0090CF52 /* Products */;
			projectDirPath = "";
			projectRoot = "";
			targets = (
				EFB73F871EDF323B0090CF52 /* SquadGoals */,
			);
		};
/* End PBXProject section */

/* Begin PBXResourcesBuildPhase section */
		EFB73F861EDF323B0090CF52 /* Resources */ = {
			isa = PBXResourcesBuildPhase;
			buildActionMask = 2147483647;
			files = (
				EFF2E73F1EE5C84900ACB787 /* MapViewController.swift in Resources */,
				EFB73FAB1EDF3D710090CF52 /* mysquadbutton3.png in Resources */,
				EFB73FAD1EDF3E040090CF52 /* mysquadbutton4.png in Resources */,
				EFB73FDA1EE209930090CF52 /* squadgoallogo.png in Resources */,
				EFB73FD41EE1E07D0090CF52 /* GoogleService-Info.plist in Resources */,
				EFB73F991EDF323C0090CF52 /* LaunchScreen.storyboard in Resources */,
				EFB73FAF1EDF74CF0090CF52 /* squadlistbutton2.png in Resources */,
				EF2642031EE4E1D500E1492E /* icon.png in Resources */,
				EFB73FB11EDF75F90090CF52 /* runsquadbutton.png in Resources */,
				EFB73F961EDF323C0090CF52 /* Assets.xcassets in Resources */,
				EFB73FA11EDF352F0090CF52 /* squadgoalslogo.png in Resources */,
				EFB73F911EDF323C0090CF52 /* Main.storyboard in Resources */,
			);
			runOnlyForDeploymentPostprocessing = 0;
		};
/* End PBXResourcesBuildPhase section */

/* Begin PBXShellScriptBuildPhase section */
		1CD8881BA8E0EDC8D2EF1A84 /* [CP] Check Pods Manifest.lock */ = {
			isa = PBXShellScriptBuildPhase;
			buildActionMask = 2147483647;
			files = (
			);
			inputPaths = (
			);
			name = "[CP] Check Pods Manifest.lock";
			outputPaths = (
			);
			runOnlyForDeploymentPostprocessing = 0;
			shellPath = /bin/sh;
			shellScript = "diff \"${PODS_PODFILE_DIR_PATH}/Podfile.lock\" \"${PODS_ROOT}/Manifest.lock\" > /dev/null\nif [ $? != 0 ] ; then\n    # print error to STDERR\n    echo \"error: The sandbox is not in sync with the Podfile.lock. Run 'pod install' or update your CocoaPods installation.\" >&2\n    exit 1\nfi\n";
			showEnvVarsInLog = 0;
		};
		6FAA782B109670F71CD18571 /* [CP] Embed Pods Frameworks */ = {
			isa = PBXShellScriptBuildPhase;
			buildActionMask = 2147483647;
			files = (
			);
			inputPaths = (
			);
			name = "[CP] Embed Pods Frameworks";
			outputPaths = (
			);
			runOnlyForDeploymentPostprocessing = 0;
			shellPath = /bin/sh;
			shellScript = "\"${SRCROOT}/Pods/Target Support Files/Pods-SquadGoals/Pods-SquadGoals-frameworks.sh\"\n";
			showEnvVarsInLog = 0;
		};
		A16B0E830E24DBF1B688F1BE /* [CP] Copy Pods Resources */ = {
			isa = PBXShellScriptBuildPhase;
			buildActionMask = 12;
			files = (
			);
			inputPaths = (
			);
			name = "[CP] Copy Pods Resources";
			outputPaths = (
			);
			runOnlyForDeploymentPostprocessing = 0;
			shellPath = /bin/sh;
			shellScript = "\"${SRCROOT}/Pods/Target Support Files/Pods-SquadGoals/Pods-SquadGoals-resources.sh\"\n";
			showEnvVarsInLog = 0;
		};
/* End PBXShellScriptBuildPhase section */

/* Begin PBXSourcesBuildPhase section */
		EFB73F841EDF323B0090CF52 /* Sources */ = {
			isa = PBXSourcesBuildPhase;
			buildActionMask = 2147483647;
			files = (
				EFB73F941EDF323C0090CF52 /* SquadGoals.xcdatamodeld in Sources */,
				EFB73F8E1EDF323C0090CF52 /* ViewController.swift in Sources */,
				EFB73F8C1EDF323C0090CF52 /* AppDelegate.swift in Sources */,
				EFFA9F061EE5B75500B65DA8 /* MapViewController.swift in Sources */,
				EFB73FE01EE31EAD0090CF52 /* PictureViewController.swift in Sources */,
				EF07F6F41EE5B9120040C390 /* HomeViewController.swift in Sources */,
				EFF2E7511EE6502700ACB787 /* PickerViewController.swift in Sources */,
				EFF2E74B1EE634A200ACB787 /* toDos.swift in Sources */,
				EFF2E7471EE5FFB200ACB787 /* TaskInputViewController.swift in Sources */,
				EFB73FE61EE336330090CF52 /* user.swift in Sources */,
				EFB73FDC1EE20B820090CF52 /* AddTaskViewController.swift in Sources */,
				EFB73FDE1EE20D3D0090CF52 /* TaskListViewController.swift in Sources */,
			);
			runOnlyForDeploymentPostprocessing = 0;
		};
/* End PBXSourcesBuildPhase section */

/* Begin PBXVariantGroup section */
		EFB73F8F1EDF323C0090CF52 /* Main.storyboard */ = {
			isa = PBXVariantGroup;
			children = (
				EFB73F901EDF323C0090CF52 /* Base */,
			);
			name = Main.storyboard;
			sourceTree = "<group>";
		};
		EFB73F971EDF323C0090CF52 /* LaunchScreen.storyboard */ = {
			isa = PBXVariantGroup;
			children = (
				EFB73F981EDF323C0090CF52 /* Base */,
			);
			name = LaunchScreen.storyboard;
			sourceTree = "<group>";
		};
/* End PBXVariantGroup section */

/* Begin XCBuildConfiguration section */
		EFB73F9B1EDF323C0090CF52 /* Debug */ = {
			isa = XCBuildConfiguration;
			buildSettings = {
				ALWAYS_SEARCH_USER_PATHS = YES;
				CLANG_ANALYZER_NONNULL = YES;
				CLANG_ANALYZER_NUMBER_OBJECT_CONVERSION = YES_AGGRESSIVE;
				CLANG_CXX_LANGUAGE_STANDARD = "gnu++0x";
				CLANG_CXX_LIBRARY = "libc++";
				CLANG_ENABLE_MODULES = YES;
				CLANG_ENABLE_OBJC_ARC = YES;
				CLANG_WARN_BOOL_CONVERSION = YES;
				CLANG_WARN_CONSTANT_CONVERSION = YES;
				CLANG_WARN_DIRECT_OBJC_ISA_USAGE = YES_ERROR;
				CLANG_WARN_DOCUMENTATION_COMMENTS = YES;
				CLANG_WARN_EMPTY_BODY = YES;
				CLANG_WARN_ENUM_CONVERSION = YES;
				CLANG_WARN_INFINITE_RECURSION = YES;
				CLANG_WARN_INT_CONVERSION = YES;
				CLANG_WARN_OBJC_ROOT_CLASS = YES_ERROR;
				CLANG_WARN_SUSPICIOUS_MOVE = YES;
				CLANG_WARN_UNREACHABLE_CODE = YES;
				CLANG_WARN__DUPLICATE_METHOD_MATCH = YES;
				"CODE_SIGN_IDENTITY[sdk=iphoneos*]" = "iPhone Developer";
				COPY_PHASE_STRIP = NO;
				DEBUG_INFORMATION_FORMAT = dwarf;
				ENABLE_STRICT_OBJC_MSGSEND = YES;
				ENABLE_TESTABILITY = YES;
				GCC_C_LANGUAGE_STANDARD = gnu99;
				GCC_DYNAMIC_NO_PIC = NO;
				GCC_NO_COMMON_BLOCKS = YES;
				GCC_OPTIMIZATION_LEVEL = 0;
				GCC_PREPROCESSOR_DEFINITIONS = (
					"DEBUG=1",
					"$(inherited)",
				);
				GCC_WARN_64_TO_32_BIT_CONVERSION = YES;
				GCC_WARN_ABOUT_RETURN_TYPE = YES_ERROR;
				GCC_WARN_UNDECLARED_SELECTOR = YES;
				GCC_WARN_UNINITIALIZED_AUTOS = YES_AGGRESSIVE;
				GCC_WARN_UNUSED_FUNCTION = YES;
				GCC_WARN_UNUSED_VARIABLE = YES;
				IPHONEOS_DEPLOYMENT_TARGET = 10.3;
				MTL_ENABLE_DEBUG_INFO = YES;
				ONLY_ACTIVE_ARCH = YES;
				SDKROOT = iphoneos;
				SWIFT_ACTIVE_COMPILATION_CONDITIONS = DEBUG;
				SWIFT_OPTIMIZATION_LEVEL = "-Onone";
				TARGETED_DEVICE_FAMILY = "1,2";
			};
			name = Debug;
		};
		EFB73F9C1EDF323C0090CF52 /* Release */ = {
			isa = XCBuildConfiguration;
			buildSettings = {
				ALWAYS_SEARCH_USER_PATHS = YES;
				CLANG_ANALYZER_NONNULL = YES;
				CLANG_ANALYZER_NUMBER_OBJECT_CONVERSION = YES_AGGRESSIVE;
				CLANG_CXX_LANGUAGE_STANDARD = "gnu++0x";
				CLANG_CXX_LIBRARY = "libc++";
				CLANG_ENABLE_MODULES = YES;
				CLANG_ENABLE_OBJC_ARC = YES;
				CLANG_WARN_BOOL_CONVERSION = YES;
				CLANG_WARN_CONSTANT_CONVERSION = YES;
				CLANG_WARN_DIRECT_OBJC_ISA_USAGE = YES_ERROR;
				CLANG_WARN_DOCUMENTATION_COMMENTS = YES;
				CLANG_WARN_EMPTY_BODY = YES;
				CLANG_WARN_ENUM_CONVERSION = YES;
				CLANG_WARN_INFINITE_RECURSION = YES;
				CLANG_WARN_INT_CONVERSION = YES;
				CLANG_WARN_OBJC_ROOT_CLASS = YES_ERROR;
				CLANG_WARN_SUSPICIOUS_MOVE = YES;
				CLANG_WARN_UNREACHABLE_CODE = YES;
				CLANG_WARN__DUPLICATE_METHOD_MATCH = YES;
				"CODE_SIGN_IDENTITY[sdk=iphoneos*]" = "iPhone Developer";
				COPY_PHASE_STRIP = NO;
				DEBUG_INFORMATION_FORMAT = "dwarf-with-dsym";
				ENABLE_NS_ASSERTIONS = NO;
				ENABLE_STRICT_OBJC_MSGSEND = YES;
				GCC_C_LANGUAGE_STANDARD = gnu99;
				GCC_NO_COMMON_BLOCKS = YES;
				GCC_WARN_64_TO_32_BIT_CONVERSION = YES;
				GCC_WARN_ABOUT_RETURN_TYPE = YES_ERROR;
				GCC_WARN_UNDECLARED_SELECTOR = YES;
				GCC_WARN_UNINITIALIZED_AUTOS = YES_AGGRESSIVE;
				GCC_WARN_UNUSED_FUNCTION = YES;
				GCC_WARN_UNUSED_VARIABLE = YES;
				IPHONEOS_DEPLOYMENT_TARGET = 10.3;
				MTL_ENABLE_DEBUG_INFO = NO;
				SDKROOT = iphoneos;
				SWIFT_OPTIMIZATION_LEVEL = "-Owholemodule";
				TARGETED_DEVICE_FAMILY = "1,2";
				VALIDATE_PRODUCT = YES;
			};
			name = Release;
		};
		EFB73F9E1EDF323C0090CF52 /* Debug */ = {
			isa = XCBuildConfiguration;
			baseConfigurationReference = 697E45BBB7E018831BBD5EDF /* Pods-SquadGoals.debug.xcconfig */;
			buildSettings = {
				ALWAYS_SEARCH_USER_PATHS = YES;
				ASSETCATALOG_COMPILER_APPICON_NAME = AppIcon;
				DEVELOPMENT_TEAM = GFBPFBC6X9;
				INFOPLIST_FILE = SquadGoals/Info.plist;
				LD_RUNPATH_SEARCH_PATHS = "$(inherited) @executable_path/Frameworks";
				PRODUCT_BUNDLE_IDENTIFIER = SquadGoals.SquadGoals;
				PRODUCT_NAME = "$(TARGET_NAME)";
				SWIFT_VERSION = 3.0;
			};
			name = Debug;
		};
		EFB73F9F1EDF323C0090CF52 /* Release */ = {
			isa = XCBuildConfiguration;
			baseConfigurationReference = 075CA1594DED00B812D832EA /* Pods-SquadGoals.release.xcconfig */;
			buildSettings = {
				ALWAYS_SEARCH_USER_PATHS = YES;
				ASSETCATALOG_COMPILER_APPICON_NAME = AppIcon;
				DEVELOPMENT_TEAM = GFBPFBC6X9;
				INFOPLIST_FILE = SquadGoals/Info.plist;
				LD_RUNPATH_SEARCH_PATHS = "$(inherited) @executable_path/Frameworks";
				PRODUCT_BUNDLE_IDENTIFIER = SquadGoals.SquadGoals;
				PRODUCT_NAME = "$(TARGET_NAME)";
				SWIFT_VERSION = 3.0;
			};
			name = Release;
		};
/* End XCBuildConfiguration section */

/* Begin XCConfigurationList section */
		EFB73F831EDF323B0090CF52 /* Build configuration list for PBXProject "SquadGoals" */ = {
			isa = XCConfigurationList;
			buildConfigurations = (
				EFB73F9B1EDF323C0090CF52 /* Debug */,
				EFB73F9C1EDF323C0090CF52 /* Release */,
			);
			defaultConfigurationIsVisible = 0;
			defaultConfigurationName = Release;
		};
		EFB73F9D1EDF323C0090CF52 /* Build configuration list for PBXNativeTarget "SquadGoals" */ = {
			isa = XCConfigurationList;
			buildConfigurations = (
				EFB73F9E1EDF323C0090CF52 /* Debug */,
				EFB73F9F1EDF323C0090CF52 /* Release */,
			);
			defaultConfigurationIsVisible = 0;
			defaultConfigurationName = Release;
		};
/* End XCConfigurationList section */

/* Begin XCVersionGroup section */
		EFB73F921EDF323C0090CF52 /* SquadGoals.xcdatamodeld */ = {
			isa = XCVersionGroup;
			children = (
				EFB73F931EDF323C0090CF52 /* SquadGoals.xcdatamodel */,
			);
			currentVersion = EFB73F931EDF323C0090CF52 /* SquadGoals.xcdatamodel */;
			path = SquadGoals.xcdatamodeld;
			sourceTree = "<group>";
			versionGroupType = wrapper.xcdatamodel;
		};
/* End XCVersionGroup section */
	};
	rootObject = EFB73F801EDF323B0090CF52 /* Project object */;
}
